{
  "version": 4,
  "terraform_version": "1.15.5",
  "serial": 83,
  "lineage": "2c6f5f70-48d8-f3e1-c0a3-205844c7c812",
  "outputs": {
    "catalog_name": {
      "value": "marketing",
      "type": "string"
    },
    "raw_volume_name": {
      "value": "raw_data",
      "type": "string"
    },
    "raw_volume_path": {
      "value": "/Volumes/marketing/bronze/raw_data",
      "type": "string"
    },
    "schemas": {
      "value": {
        "bronze": "bronze",
        "gold": "gold",
        "silver": "silver"
      },
      "type": [
        "object",
        {
          "bronze": "string",
          "gold": "string",
          "silver": "string"
        }
      ]
    }
  },
  "resources": [
    {
      "module": "module.permissions",
      "mode": "managed",
      "type": "databricks_grants",
      "name": "catalog",
      "provider": "provider[\"registry.terraform.io/databricks/databricks\"]",
      "instances": [
        {
          "schema_version": 0,
          "attributes": {
            "catalog": "marketing",
            "credential": null,
            "external_location": null,
            "foreign_connection": null,
            "function": null,
            "grant": [
              {
                "principal": "account users",
                "privileges": [
                  "USE CATALOG"
                ]
              }
            ],
            "id": "catalog/marketing",
            "mcp_service": null,
            "metastore": null,
            "model": null,
            "model_provider_service": null,
            "model_service": null,
            "pipeline": null,
            "provider_config": [
              {
                "workspace_id": "7474650144237763"
              }
            ],
            "recipient": null,
            "schema": null,
            "secret": null,
            "share": null,
            "storage_credential": null,
            "table": null,
            "volume": null
          },
          "sensitive_attributes": [],
          "identity_schema_version": 0,
          "private": "bnVsbA==",
          "dependencies": [
            "module.raw_volume.databricks_volume.this",
            "module.schemas.databricks_schema.this"
          ]
        }
      ]
    },
    {
      "module": "module.permissions",
      "mode": "managed",
      "type": "databricks_grants",
      "name": "schemas",
      "provider": "provider[\"registry.terraform.io/databricks/databricks\"]",
      "instances": [
        {
          "index_key": "bronze",
          "schema_version": 0,
          "attributes": {
            "catalog": null,
            "credential": null,
            "external_location": null,
            "foreign_connection": null,
            "function": null,
            "grant": [
              {
                "principal": "account users",
                "privileges": [
                  "USE SCHEMA"
                ]
              }
            ],
            "id": "schema/marketing.bronze",
            "mcp_service": null,
            "metastore": null,
            "model": null,
            "model_provider_service": null,
            "model_service": null,
            "pipeline": null,
            "provider_config": [
              {
                "workspace_id": "7474650144237763"
              }
            ],
            "recipient": null,
            "schema": "marketing.bronze",
            "secret": null,
            "share": null,
            "storage_credential": null,
            "table": null,
            "volume": null
          },
          "sensitive_attributes": [],
          "identity_schema_version": 0,
          "private": "bnVsbA==",
          "dependencies": [
            "module.raw_volume.databricks_volume.this",
            "module.schemas.databricks_schema.this"
          ]
        },
        {
          "index_key": "gold",
          "schema_version": 0,
          "attributes": {
            "catalog": null,
            "credential": null,
            "external_location": null,
            "foreign_connection": null,
            "function": null,
            "grant": [
              {
                "principal": "account users",
                "privileges": [
                  "USE SCHEMA"
                ]
              }
            ],
            "id": "schema/marketing.gold",
            "mcp_service": null,
            "metastore": null,
            "model": null,
            "model_provider_service": null,
            "model_service": null,
            "pipeline": null,
            "provider_config": [
              {
                "workspace_id": "7474650144237763"
              }
            ],
            "recipient": null,
            "schema": "marketing.gold",
            "secret": null,
            "share": null,
            "storage_credential": null,
            "table": null,
            "volume": null
          },
          "sensitive_attributes": [],
          "identity_schema_version": 0,
          "private": "bnVsbA==",
          "dependencies": [
            "module.raw_volume.databricks_volume.this",
            "module.schemas.databricks_schema.this"
          ]
        },
        {
          "index_key": "silver",
          "schema_version": 0,
          "attributes": {
            "catalog": null,
            "credential": null,
            "external_location": null,
            "foreign_connection": null,
            "function": null,
            "grant": [
              {
                "principal": "account users",
                "privileges": [
                  "USE SCHEMA"
                ]
              }
            ],
            "id": "schema/marketing.silver",
            "mcp_service": null,
            "metastore": null,
            "model": null,
            "model_provider_service": null,
            "model_service": null,
            "pipeline": null,
            "provider_config": [
              {
                "workspace_id": "7474650144237763"
              }
            ],
            "recipient": null,
            "schema": "marketing.silver",
            "secret": null,
            "share": null,
            "storage_credential": null,
            "table": null,
            "volume": null
          },
          "sensitive_attributes": [],
          "identity_schema_version": 0,
          "private": "bnVsbA==",
          "dependencies": [
            "module.raw_volume.databricks_volume.this",
            "module.schemas.databricks_schema.this"
          ]
        }
      ]
    },
    {
      "module": "module.permissions",
      "mode": "managed",
      "type": "databricks_grants",
      "name": "volume",
      "provider": "provider[\"registry.terraform.io/databricks/databricks\"]",
      "instances": [
        {
          "schema_version": 0,
          "attributes": {
            "catalog": null,
            "credential": null,
            "external_location": null,
            "foreign_connection": null,
            "function": null,
            "grant": [
              {
                "principal": "account users",
                "privileges": [
                  "READ VOLUME",
                  "WRITE VOLUME"
                ]
              }
            ],
            "id": "volume/marketing.bronze.raw_data",
            "mcp_service": null,
            "metastore": null,
            "model": null,
            "model_provider_service": null,
            "model_service": null,
            "pipeline": null,
            "provider_config": [
              {
                "workspace_id": "7474650144237763"
              }
            ],
            "recipient": null,
            "schema": null,
            "secret": null,
            "share": null,
            "storage_credential": null,
            "table": null,
            "volume": "marketing.bronze.raw_data"
          },
          "sensitive_attributes": [],
          "identity_schema_version": 0,
          "private": "bnVsbA==",
          "dependencies": [
            "module.raw_volume.databricks_volume.this",
            "module.schemas.databricks_schema.this"
          ]
        }
      ]
    },
    {
      "module": "module.raw_volume",
      "mode": "managed",
      "type": "databricks_volume",
      "name": "this",
      "provider": "provider[\"registry.terraform.io/databricks/databricks\"]",
      "instances": [
        {
          "schema_version": 0,
          "attributes": {
            "catalog_name": "marketing",
            "comment": "Managed volume containing the five raw marketing and e-commerce CSV datasets",
            "id": "marketing.bronze.raw_data",
            "name": "raw_data",
            "owner": "shungubepearlzinhle@gmail.com",
            "provider_config": [
              {
                "workspace_id": "7474650144237763"
              }
            ],
            "schema_name": "bronze",
            "storage_location": "s3://dbstorage-prod-jk7dh/uc/5726469b-997f-40b7-84a7-29956de5b178/478a32d1-b9d6-4595-8219-84aca2b59253/__unitystorage/catalogs/4f131620-5079-463b-ac62-60b7f12ef010/volumes/9c71e24a-1fe0-4e29-99a9-0334785f98c3",
            "volume_path": "/Volumes/marketing/bronze/raw_data",
            "volume_type": "MANAGED"
          },
          "sensitive_attributes": [],
          "identity_schema_version": 0,
          "private": "bnVsbA==",
          "dependencies": [
            "module.schemas.databricks_schema.this"
          ]
        }
      ]
    },
    {
      "module": "module.schemas[\"bronze\"]",
      "mode": "managed",
      "type": "databricks_schema",
      "name": "this",
      "provider": "provider[\"registry.terraform.io/databricks/databricks\"]",
      "instances": [
        {
          "schema_version": 0,
          "attributes": {
            "catalog_name": "marketing",
            "comment": "Raw landing layer containing source marketing and e-commerce data",
            "enable_predictive_optimization": "INHERIT",
            "force_destroy": false,
            "id": "marketing.bronze",
            "metastore_id": "478a32d1-b9d6-4595-8219-84aca2b59253",
            "name": "bronze",
            "owner": "shungubepearlzinhle@gmail.com",
            "properties": null,
            "provider_config": [
              {
                "workspace_id": "7474650144237763"
              }
            ],
            "schema_id": "af561e16-bda9-42df-bbad-eded37161633",
            "storage_root": null
          },
          "sensitive_attributes": [],
          "identity_schema_version": 0,
          "private": "bnVsbA=="
        }
      ]
    },
    {
      "module": "module.schemas[\"gold\"]",
      "mode": "managed",
      "type": "databricks_schema",
      "name": "this",
      "provider": "provider[\"registry.terraform.io/databricks/databricks\"]",
      "instances": [
        {
          "schema_version": 0,
          "attributes": {
            "catalog_name": "marketing",
            "comment": "Business-ready marketing and e-commerce analytics data",
            "enable_predictive_optimization": "INHERIT",
            "force_destroy": false,
            "id": "marketing.gold",
            "metastore_id": "478a32d1-b9d6-4595-8219-84aca2b59253",
            "name": "gold",
            "owner": "shungubepearlzinhle@gmail.com",
            "properties": null,
            "provider_config": [
              {
                "workspace_id": "7474650144237763"
              }
            ],
            "schema_id": "6952ab18-893f-4e30-865e-afd1821d34be",
            "storage_root": null
          },
          "sensitive_attributes": [],
          "identity_schema_version": 0,
          "private": "bnVsbA=="
        }
      ]
    },
    {
      "module": "module.schemas[\"silver\"]",
      "mode": "managed",
      "type": "databricks_schema",
      "name": "this",
      "provider": "provider[\"registry.terraform.io/databricks/databricks\"]",
      "instances": [
        {
          "schema_version": 0,
          "attributes": {
            "catalog_name": "marketing",
            "comment": "Cleaned and standardized marketing and e-commerce data",
            "enable_predictive_optimization": "INHERIT",
            "force_destroy": false,
            "id": "marketing.silver",
            "metastore_id": "478a32d1-b9d6-4595-8219-84aca2b59253",
            "name": "silver",
            "owner": "shungubepearlzinhle@gmail.com",
            "properties": null,
            "provider_config": [
              {
                "workspace_id": "7474650144237763"
              }
            ],
            "schema_id": "2602fa36-3199-4fb1-90aa-1cba41fc24a7",
            "storage_root": null
          },
          "sensitive_attributes": [],
          "identity_schema_version": 0,
          "private": "bnVsbA=="
        }
      ]
    }
  ],
  "check_results": null
}
